
Microsoft Visual Studio Solution File, Format Version 12.00
# Visual Studio Version 17
VisualStudioVersion = 17.0.31903.59
MinimumVisualStudioVersion = 10.0.40219.1
Project("{FAE04EC0-301F-11D3-BF4B-00C04F79EFBC}") = "AllO.Shared", "src\Shared\AllO.Shared.csproj", "{A1B2C3D4-E5F6-7890-ABCD-EF1234567890}"
EndProject
Project("{FAE04EC0-301F-11D3-BF4B-00C04F79EFBC}") = "AllO.Revit2023", "src\Revit2023\AllO.Revit2023.csproj", "{D4E5F678-90AB-CDEF-1234-567890123456}"
EndProject
Project("{FAE04EC0-301F-11D3-BF4B-00C04F79EFBC}") = "AllO.Revit2024", "src\Revit2024\AllO.Revit2024.csproj", "{B2C3D4E5-F678-90AB-CDEF-123456789012}"
EndProject
Project("{FAE04EC0-301F-11D3-BF4B-00C04F79EFBC}") = "AllO.Revit2025", "src\Revit2025\AllO.Revit2025.csproj", "{C3D4E5F6-7890-ABCD-EF12-345678901234}"
EndProject
Project("{2150E333-8FDC-42A3-9474-1A3956D46DE8}") = "src", "src", "{827E0CD3-B72D-47B6-A68D-7590B98EB39B}"
EndProject
Project("{2150E333-8FDC-42A3-9474-1A3956D46DE8}") = "Tests", "Tests", "{CEA09484-30F6-4D44-02F6-822E06DBC57C}"
EndProject
Project("{FAE04EC0-301F-11D3-BF4B-00C04F79EFBC}") = "AllO.Tests", "src\Tests\AllO.Tests.csproj", "{29B257B0-0A7E-429C-A08C-E6E635B0F94B}"
EndProject
Project("{2150E333-8FDC-42A3-9474-1A3956D46DE8}") = "Shared", "Shared", "{C8E42992-5E42-0C2B-DBFE-AA848D06431C}"
EndProject
Global
	GlobalSection(SolutionConfigurationPlatforms) = preSolution
		Debug|Any CPU = Debug|Any CPU
		Debug|x64 = Debug|x64
		Debug|x86 = Debug|x86
		Release|Any CPU = Release|Any CPU
		Release|x64 = Release|x64
		Release|x86 = Release|x86
	EndGlobalSection
	GlobalSection(ProjectConfigurationPlatforms) = postSolution
		{A1B2C3D4-E5F6-7890-ABCD-EF1234567890}.Debug|Any CPU.ActiveCfg = Debug|Any CPU
		{A1B2C3D4-E5F6-7890-ABCD-EF1234567890}.Debug|Any CPU.Build.0 = Debug|Any CPU
		{A1B2C3D4-E5F6-7890-ABCD-EF1234567890}.Debug|x64.ActiveCfg = Debug|Any CPU
		{A1B2C3D4-E5F6-7890-ABCD-EF1234567890}.Debug|x64.Build.0 = Debug|Any CPU
		{A1B2C3D4-E5F6-7890-ABCD-EF1234567890}.Debug|x86.ActiveCfg = Debug|Any CPU
		{A1B2C3D4-E5F6-7890-ABCD-EF1234567890}.Debug|x86.Build.0 = Debug|Any CPU
		{A1B2C3D4-E5F6-7890-ABCD-EF1234567890}.Release|Any CPU.ActiveCfg = Release|Any CPU
		{A1B2C3D4-E5F6-7890-ABCD-EF1234567890}.Release|Any CPU.Build.0 = Release|Any CPU
		{A1B2C3D4-E5F6-7890-ABCD-EF1234567890}.Release|x64.ActiveCfg = Release|Any CPU
		{A1B2C3D4-E5F6-7890-ABCD-EF1234567890}.Release|x64.Build.0 = Release|Any CPU
		{A1B2C3D4-E5F6-7890-ABCD-EF1234567890}.Release|x86.ActiveCfg = Release|Any CPU
		{A1B2C3D4-E5F6-7890-ABCD-EF1234567890}.Release|x86.Build.0 = Release|Any CPU
		{D4E5F678-90AB-CDEF-1234-567890123456}.Debug|Any CPU.ActiveCfg = Debug|Any CPU
		{D4E5F678-90AB-CDEF-1234-567890123456}.Debug|Any CPU.Build.0 = Debug|Any CPU
		{D4E5F678-90AB-CDEF-1234-567890123456}.Debug|x64.ActiveCfg = Debug|Any CPU
		{D4E5F678-90AB-CDEF-1234-567890123456}.Debug|x64.Build.0 = Debug|Any CPU
		{D4E5F678-90AB-CDEF-1234-567890123456}.Debug|x86.ActiveCfg = Debug|Any CPU
		{D4E5F678-90AB-CDEF-1234-567890123456}.Debug|x86.Build.0 = Debug|Any CPU
		{D4E5F678-90AB-CDEF-1234-567890123456}.Release|Any CPU.ActiveCfg = Release|Any CPU
		{D4E5F678-90AB-CDEF-1234-567890123456}.Release|Any CPU.Build.0 = Release|Any CPU
		{D4E5F678-90AB-CDEF-1234-567890123456}.Release|x64.ActiveCfg = Release|Any CPU
		{D4E5F678-90AB-CDEF-1234-567890123456}.Release|x64.Build.0 = Release|Any CPU
		{D4E5F678-90AB-CDEF-1234-567890123456}.Release|x86.ActiveCfg = Release|Any CPU
		{D4E5F678-90AB-CDEF-1234-567890123456}.Release|x86.Build.0 = Release|Any CPU
		{B2C3D4E5-F678-90AB-CDEF-123456789012}.Debug|Any CPU.ActiveCfg = Debug|Any CPU
		{B2C3D4E5-F678-90AB-CDEF-123456789012}.Debug|Any CPU.Build.0 = Debug|Any CPU
		{B2C3D4E5-F678-90AB-CDEF-123456789012}.Debug|x64.ActiveCfg = Debug|Any CPU
		{B2C3D4E5-F678-90AB-CDEF-123456789012}.Debug|x64.Build.0 = Debug|Any CPU
		{B2C3D4E5-F678-90AB-CDEF-123456789012}.Debug|x86.ActiveCfg = Debug|Any CPU
		{B2C3D4E5-F678-90AB-CDEF-123456789012}.Debug|x86.Build.0 = Debug|Any CPU
		{B2C3D4E5-F678-90AB-CDEF-123456789012}.Release|Any CPU.ActiveCfg = Release|Any CPU
		{B2C3D4E5-F678-90AB-CDEF-123456789012}.Release|Any CPU.Build.0 = Release|Any CPU
		{B2C3D4E5-F678-90AB-CDEF-123456789012}.Release|x64.ActiveCfg = Release|Any CPU
		{B2C3D4E5-F678-90AB-CDEF-123456789012}.Release|x64.Build.0 = Release|Any CPU
		{B2C3D4E5-F678-90AB-CDEF-123456789012}.Release|x86.ActiveCfg = Release|Any CPU
		{B2C3D4E5-F678-90AB-CDEF-123456789012}.Release|x86.Build.0 = Release|Any CPU
		{C3D4E5F6-7890-ABCD-EF12-345678901234}.Debug|Any CPU.ActiveCfg = Debug|Any CPU
		{C3D4E5F6-7890-ABCD-EF12-345678901234}.Debug|Any CPU.Build.0 = Debug|Any CPU
		{C3D4E5F6-7890-ABCD-EF12-345678901234}.Debug|x64.ActiveCfg = Debug|Any CPU
		{C3D4E5F6-7890-ABCD-EF12-345678901234}.Debug|x64.Build.0 = Debug|Any CPU
		{C3D4E5F6-7890-ABCD-EF12-345678901234}.Debug|x86.ActiveCfg = Debug|Any CPU
		{C3D4E5F6-7890-ABCD-EF12-345678901234}.Debug|x86.Build.0 = Debug|Any CPU
		{C3D4E5F6-7890-ABCD-EF12-345678901234}.Release|Any CPU.ActiveCfg = Release|Any CPU
		{C3D4E5F6-7890-ABCD-EF12-345678901234}.Release|Any CPU.Build.0 = Release|Any CPU
		{C3D4E5F6-7890-ABCD-EF12-345678901234}.Release|x64.ActiveCfg = Release|Any CPU
		{C3D4E5F6-7890-ABCD-EF12-345678901234}.Release|x64.Build.0 = Release|Any CPU
		{C3D4E5F6-7890-ABCD-EF12-345678901234}.Release|x86.ActiveCfg = Release|Any CPU
		{C3D4E5F6-7890-ABCD-EF12-345678901234}.Release|x86.Build.0 = Release|Any CPU
		{29B257B0-0A7E-429C-A08C-E6E635B0F94B}.Debug|Any CPU.ActiveCfg = Debug|Any CPU
		{29B257B0-0A7E-429C-A08C-E6E635B0F94B}.Debug|Any CPU.Build.0 = Debug|Any CPU
		{29B257B0-0A7E-429C-A08C-E6E635B0F94B}.Debug|x64.ActiveCfg = Debug|Any CPU
		{29B257B0-0A7E-429C-A08C-E6E635B0F94B}.Debug|x64.Build.0 = Debug|Any CPU
		{29B257B0-0A7E-429C-A08C-E6E635B0F94B}.Debug|x86.ActiveCfg = Debug|Any CPU
		{29B257B0-0A7E-429C-A08C-E6E635B0F94B}.Debug|x86.Build.0 = Debug|Any CPU
		{29B257B0-0A7E-429C-A08C-E6E635B0F94B}.Release|Any CPU.ActiveCfg = Release|Any CPU
		{29B257B0-0A7E-429C-A08C-E6E635B0F94B}.Release|Any CPU.Build.0 = Release|Any CPU
		{29B257B0-0A7E-429C-A08C-E6E635B0F94B}.Release|x64.ActiveCfg = Release|Any CPU
		{29B257B0-0A7E-429C-A08C-E6E635B0F94B}.Release|x64.Build.0 = Release|Any CPU
		{29B257B0-0A7E-429C-A08C-E6E635B0F94B}.Release|x86.ActiveCfg = Release|Any CPU
		{29B257B0-0A7E-429C-A08C-E6E635B0F94B}.Release|x86.Build.0 = Release|Any CPU
	EndGlobalSection
	GlobalSection(SolutionProperties) = preSolution
		HideSolutionNode = FALSE
	EndGlobalSection
	GlobalSection(NestedProjects) = preSolution
		{CEA09484-30F6-4D44-02F6-822E06DBC57C} = {827E0CD3-B72D-47B6-A68D-7590B98EB39B}
		{29B257B0-0A7E-429C-A08C-E6E635B0F94B} = {CEA09484-30F6-4D44-02F6-822E06DBC57C}
		{C8E42992-5E42-0C2B-DBFE-AA848D06431C} = {827E0CD3-B72D-47B6-A68D-7590B98EB39B}
	EndGlobalSection
EndGlobal
